Microsoft Visual Studio Solution File, Format Version 12.00
# Visual Studio Version 17
VisualStudioVersion = 17.5.2.0
MinimumVisualStudioVersion = 10.0.40219.1
Project("{FAE04EC0-301F-11D3-BF4B-00C04F79EFBC}") = "PaginaCursos", "PaginaCursos.csproj", "{D33627C7-CF0C-31B0-2FAA-8276A3D68EBE}"
EndProject
Global
	GlobalSection(SolutionConfigurationPlatforms) = preSolution
		Debug|Any CPU = Debug|Any CPU
		Release|Any CPU = Release|Any CPU
	EndGlobalSection
	GlobalSection(ProjectConfigurationPlatforms) = postSolution
		{D33627C7-CF0C-31B0-2FAA-8276A3D68EBE}.Debug|Any CPU.ActiveCfg = Debug|Any CPU
		{D33627C7-CF0C-31B0-2FAA-8276A3D68EBE}.Debug|Any CPU.Build.0 = Debug|Any CPU
		{D33627C7-CF0C-31B0-2FAA-8276A3D68EBE}.Release|Any CPU.ActiveCfg = Release|Any CPU
		{D33627C7-CF0C-31B0-2FAA-8276A3D68EBE}.Release|Any CPU.Build.0 = Release|Any CPU
	EndGlobalSection
	GlobalSection(SolutionProperties) = preSolution
		HideSolutionNode = FALSE
	EndGlobalSection
	GlobalSection(ExtensibilityGlobals) = postSolution
		SolutionGuid = {AA748F92-E5C0-42AA-988B-DC83E4FBEC1E}
	EndGlobalSection
EndGlobal
